<?xml version="1.0" encoding="UTF-8" standalone="yes" ?>
<CodeBlocks_project_file>
	<FileVersion major="1" minor="6" />
	<Project>
		<Option title="HashChest" />
		<Option pch_mode="2" />
		<Option compiler="gcc" />
		<Build>
			<Target title="Debug">
				<Option output="bin/Debug/HashChest" prefix_auto="1" extension_auto="1" />
				<Option object_output="obj/Debug/" />
				<Option type="1" />
				<Option compiler="gcc" />
				<Compiler>
					<Add option="-g" />
				</Compiler>
			</Target>
			<Target title="Release">
				<Option output="bin/Release/HashChest" prefix_auto="1" extension_auto="1" />
				<Option object_output="obj/Release/" />
				<Option type="1" />
				<Option compiler="gcc" />
				<Compiler>
					<Add option="-O2" />
				</Compiler>
				<Linker>
					<Add option="-s" />
				</Linker>
			</Target>
		</Build>
		<Compiler>
			<Add option="-Wall" />
		</Compiler>
		<Unit filename="../.gitignore" />
		<Unit filename="../LICENSE" />
		<Unit filename="../README.md" />
		<Unit filename="../chestLib.h" />
		<Unit filename="../handleCollision.c">
			<Option compilerVar="CC" />
		</Unit>
		<Unit filename="../hashFunction.c">
			<Option compilerVar="CC" />
		</Unit>
		<Unit filename="../insert.c">
			<Option compilerVar="CC" />
		</Unit>
		<Unit filename="../interface.cpp" />
		<Unit filename="../interface/color.cpp" />
		<Unit filename="../interface/draw.cpp" />
		<Unit filename="../interface/interfaceLib.h" />
		<Unit filename="../interface/menu.cpp" />
		<Unit filename="../interface/showHome.cpp" />
		<Unit filename="../interface/showInserir.cpp" />
		<Unit filename="../interface/showRemove.cpp" />
		<Unit filename="../interface/showSearch.cpp" />
		<Unit filename="../interface/utilsScreen.cpp" />
		<Unit filename="../main" />
		<Unit filename="../main.c">
			<Option compilerVar="CC" />
		</Unit>
		<Unit filename="../remove.c">
			<Option compilerVar="CC" />
		</Unit>
		<Unit filename="../search.c">
			<Option compilerVar="CC" />
		</Unit>
		<Unit filename="../titles.txt" />
		<Unit filename="../utils.c">
			<Option compilerVar="CC" />
		</Unit>
		<Extensions>
			<lib_finder disable_auto="1" />
		</Extensions>
	</Project>
</CodeBlocks_project_file>
